{
  "name": "flxels",
  "version": "1.0.0",
  "lockfileVersion": 1,
  "requires": true,
  "dependencies": {
    "cxs": {
      "version": "6.2.0",
      "resolved": "https://registry.npmjs.org/cxs/-/cxs-6.2.0.tgz",
      "integrity": "sha512-RGatb1BUwVMBzV8DRo9Kapc55bdGfAxMcukVk+ZzE3Ts8xaTve0GVz730kBDxjhEBU2LK+RPuAcjZb00Q3O24w=="
    }
  }
}
